
Microsoft Visual Studio Solution File, Format Version 12.00
# Visual Studio Version 17
VisualStudioVersion = 17.11.35431.28
MinimumVisualStudioVersion = 10.0.40219.1
Project("{FAE04EC0-301F-11D3-BF4B-00C04F79EFBC}") = "Ecommerce.Web", "Ecommerce.Web\Ecommerce.Web.csproj", "{99F92C8C-1200-4CEB-AD35-A647114CDE96}"
EndProject
Project("{FAE04EC0-301F-11D3-BF4B-00C04F79EFBC}") = "Ecommerce.ProductAPI", "Ecommerce.ProductAPI\Ecommerce.ProductAPI.csproj", "{BCC03387-CD88-47C2-9D18-C7A474E04221}"
EndProject
Global
	GlobalSection(SolutionConfigurationPlatforms) = preSolution
		Debug|Any CPU = Debug|Any CPU
		Release|Any CPU = Release|Any CPU
	EndGlobalSection
	GlobalSection(ProjectConfigurationPlatforms) = postSolution
		{99F92C8C-1200-4CEB-AD35-A647114CDE96}.Debug|Any CPU.ActiveCfg = Debug|Any CPU
		{99F92C8C-1200-4CEB-AD35-A647114CDE96}.Debug|Any CPU.Build.0 = Debug|Any CPU
		{99F92C8C-1200-4CEB-AD35-A647114CDE96}.Release|Any CPU.ActiveCfg = Release|Any CPU
		{99F92C8C-1200-4CEB-AD35-A647114CDE96}.Release|Any CPU.Build.0 = Release|Any CPU
		{BCC03387-CD88-47C2-9D18-C7A474E04221}.Debug|Any CPU.ActiveCfg = Debug|Any CPU
		{BCC03387-CD88-47C2-9D18-C7A474E04221}.Debug|Any CPU.Build.0 = Debug|Any CPU
		{BCC03387-CD88-47C2-9D18-C7A474E04221}.Release|Any CPU.ActiveCfg = Release|Any CPU
		{BCC03387-CD88-47C2-9D18-C7A474E04221}.Release|Any CPU.Build.0 = Release|Any CPU
	EndGlobalSection
	GlobalSection(SolutionProperties) = preSolution
		HideSolutionNode = FALSE
	EndGlobalSection
	GlobalSection(ExtensibilityGlobals) = postSolution
		SolutionGuid = {A2C017D1-67A6-4E98-B0DA-0F11EEFE653C}
	EndGlobalSection
EndGlobal
